
Microsoft Visual Studio Solution File, Format Version 11.00
# Visual Studio 2010
Project("{FAE04EC0-301F-11D3-BF4B-00C04F79EFBC}") = "Sylvy", "Assembly-CSharp.csproj", "{C55E30B6-8D36-C523-D2C7-D8D4AB4BBDD8}"
EndProject
Project("{FAE04EC0-301F-11D3-BF4B-00C04F79EFBC}") = "Sylvy", "Assembly-CSharp-Editor.csproj", "{DFEBE7ED-A337-9703-159E-25013E4C246E}"
EndProject
Global
	GlobalSection(SolutionConfigurationPlatforms) = preSolution
		Debug|Any CPU = Debug|Any CPU
		Release|Any CPU = Release|Any CPU
	EndGlobalSection
	GlobalSection(ProjectConfigurationPlatforms) = postSolution
		{C55E30B6-8D36-C523-D2C7-D8D4AB4BBDD8}.Debug|Any CPU.ActiveCfg = Debug|Any CPU
		{C55E30B6-8D36-C523-D2C7-D8D4AB4BBDD8}.Debug|Any CPU.Build.0 = Debug|Any CPU
		{C55E30B6-8D36-C523-D2C7-D8D4AB4BBDD8}.Release|Any CPU.ActiveCfg = Release|Any CPU
		{C55E30B6-8D36-C523-D2C7-D8D4AB4BBDD8}.Release|Any CPU.Build.0 = Release|Any CPU
		{DFEBE7ED-A337-9703-159E-25013E4C246E}.Debug|Any CPU.ActiveCfg = Debug|Any CPU
		{DFEBE7ED-A337-9703-159E-25013E4C246E}.Debug|Any CPU.Build.0 = Debug|Any CPU
		{DFEBE7ED-A337-9703-159E-25013E4C246E}.Release|Any CPU.ActiveCfg = Release|Any CPU
		{DFEBE7ED-A337-9703-159E-25013E4C246E}.Release|Any CPU.Build.0 = Release|Any CPU
	EndGlobalSection
	GlobalSection(SolutionProperties) = preSolution
		HideSolutionNode = FALSE
	EndGlobalSection
	GlobalSection(MonoDevelopProperties) = preSolution
		StartupItem = Assembly-CSharp.csproj
	EndGlobalSection
EndGlobal
